// !$*UTF8*$!
{
	archiveVersion = 1;
	classes = {
	};
	objectVersion = 46;
	objects = {

/* Begin PBXBuildFile section */
		2A6E8A4B3647024C415BBC11 /* Pods_HelloWorldTestTests.framework in Frameworks */ = {isa = PBXBuildFile; fileRef = 301C17CB1B837212003F7509 /* Pods_HelloWorldTestTests.framework */; };
		5A670D6D95FCA36248491C12 /* Pods_HelloWorldTestUITests.framework in Frameworks */ = {isa = PBXBuildFile; fileRef = 7C90E0A53E51001E8168BA4A /* Pods_HelloWorldTestUITests.framework */; };
		A8368C3BACC6341CF8C97A3E /* Pods_HelloWorldTest.framework in Frameworks */ = {isa = PBXBuildFile; fileRef = 74AEBDF28CDC3ACC7D6ACB52 /* Pods_HelloWorldTest.framework */; };
		D6677B091D58D92400AFC975 /* AppDelegate.swift in Sources */ = {isa = PBXBuildFile; fileRef = D6677B081D58D92400AFC975 /* AppDelegate.swift */; };
		D6677B0B1D58D92400AFC975 /* ViewController.swift in Sources */ = {isa = PBXBuildFile; fileRef = D6677B0A1D58D92400AFC975 /* ViewController.swift */; };
		D6677B0E1D58D92400AFC975 /* Main.storyboard in Resources */ = {isa = PBXBuildFile; fileRef = D6677B0C1D58D92400AFC975 /* Main.storyboard */; };
		D6677B101D58D92400AFC975 /* Assets.xcassets in Resources */ = {isa = PBXBuildFile; fileRef = D6677B0F1D58D92400AFC975 /* Assets.xcassets */; };
		D6677B131D58D92400AFC975 /* LaunchScreen.storyboard in Resources */ = {isa = PBXBuildFile; fileRef = D6677B111D58D92400AFC975 /* LaunchScreen.storyboard */; };
		D6677B1E1D58D92400AFC975 /* HelloWorldTestTests.swift in Sources */ = {isa = PBXBuildFile; fileRef = D6677B1D1D58D92400AFC975 /* HelloWorldTestTests.swift */; };
		D6677B291D58D92400AFC975 /* HelloWorldTestUITests.swift in Sources */ = {isa = PBXBuildFile; fileRef = D6677B281D58D92400AFC975 /* HelloWorldTestUITests.swift */; };
/* End PBXBuildFile section */

/* Begin PBXContainerItemProxy section */
		D6677B1A1D58D92400AFC975 /* PBXContainerItemProxy */ = {
			isa = PBXContainerItemProxy;
			containerPortal = D6677AFD1D58D92400AFC975 /* Project object */;
			proxyType = 1;
			remoteGlobalIDString = D6677B041D58D92400AFC975;
			remoteInfo = HelloWorldTest;
		};
		D6677B251D58D92400AFC975 /* PBXContainerItemProxy */ = {
			isa = PBXContainerItemProxy;
			containerPortal = D6677AFD1D58D92400AFC975 /* Project object */;
			proxyType = 1;
			remoteGlobalIDString = D6677B041D58D92400AFC975;
			remoteInfo = HelloWorldTest;
		};
/* End PBXContainerItemProxy section */

/* Begin PBXFileReference section */
		10AA8C78FFA58D267431A14E /* Pods-HelloWorldTestUITests.release.xcconfig */ = {isa = PBXFileReference; includeInIndex = 1; lastKnownFileType = text.xcconfig; name = "Pods-HelloWorldTestUITests.release.xcconfig"; path = "Pods/Target Support Files/Pods-HelloWorldTestUITests/Pods-HelloWorldTestUITests.release.xcconfig"; sourceTree = "<group>"; };
		1AD15619B0EA76BFB3C8941E /* Pods-HelloWorldTestUITests.debug.xcconfig */ = {isa = PBXFileReference; includeInIndex = 1; lastKnownFileType = text.xcconfig; name = "Pods-HelloWorldTestUITests.debug.xcconfig"; path = "Pods/Target Support Files/Pods-HelloWorldTestUITests/Pods-HelloWorldTestUITests.debug.xcconfig"; sourceTree = "<group>"; };
		2EBE5C695313CDC1CE6D6600 /* Pods-HelloWorldTest.release.xcconfig */ = {isa = PBXFileReference; includeInIndex = 1; lastKnownFileType = text.xcconfig; name = "Pods-HelloWorldTest.release.xcconfig"; path = "Pods/Target Support Files/Pods-HelloWorldTest/Pods-HelloWorldTest.release.xcconfig"; sourceTree = "<group>"; };
		301C17CB1B837212003F7509 /* Pods_HelloWorldTestTests.framework */ = {isa = PBXFileReference; explicitFileType = wrapper.framework; includeInIndex = 0; path = Pods_HelloWorldTestTests.framework; sourceTree = BUILT_PRODUCTS_DIR; };
		6F94BD74564AB61889E161B2 /* Pods-HelloWorldTestTests.debug.xcconfig */ = {isa = PBXFileReference; includeInIndex = 1; lastKnownFileType = text.xcconfig; name = "Pods-HelloWorldTestTests.debug.xcconfig"; path = "Pods/Target Support Files/Pods-HelloWorldTestTests/Pods-HelloWorldTestTests.debug.xcconfig"; sourceTree = "<group>"; };
		74AEBDF28CDC3ACC7D6ACB52 /* Pods_HelloWorldTest.framework */ = {isa = PBXFileReference; explicitFileType = wrapper.framework; includeInIndex = 0; path = Pods_HelloWorldTest.framework; sourceTree = BUILT_PRODUCTS_DIR; };
		7C90E0A53E51001E8168BA4A /* Pods_HelloWorldTestUITests.framework */ = {isa = PBXFileReference; explicitFileType = wrapper.framework; includeInIndex = 0; path = Pods_HelloWorldTestUITests.framework; sourceTree = BUILT_PRODUCTS_DIR; };
		BB8F73D5289B82D89BA7DE2F /* Pods-HelloWorldTestTests.release.xcconfig */ = {isa = PBXFileReference; includeInIndex = 1; lastKnownFileType = text.xcconfig; name = "Pods-HelloWorldTestTests.release.xcconfig"; path = "Pods/Target Support Files/Pods-HelloWorldTestTests/Pods-HelloWorldTestTests.release.xcconfig"; sourceTree = "<group>"; };
		D6677B051D58D92400AFC975 /* HelloWorldTest.app */ = {isa = PBXFileReference; explicitFileType = wrapper.application; includeInIndex = 0; path = HelloWorldTest.app; sourceTree = BUILT_PRODUCTS_DIR; };
		D6677B081D58D92400AFC975 /* AppDelegate.swift */ = {isa = PBXFileReference; lastKnownFileType = sourcecode.swift; path = AppDelegate.swift; sourceTree = "<group>"; };
		D6677B0A1D58D92400AFC975 /* ViewController.swift */ = {isa = PBXFileReference; lastKnownFileType = sourcecode.swift; path = ViewController.swift; sourceTree = "<group>"; };
		D6677B0D1D58D92400AFC975 /* Base */ = {isa = PBXFileReference; lastKnownFileType = file.storyboard; name = Base; path = Base.lproj/Main.storyboard; sourceTree = "<group>"; };
		D6677B0F1D58D92400AFC975 /* Assets.xcassets */ = {isa = PBXFileReference; lastKnownFileType = folder.assetcatalog; path = Assets.xcassets; sourceTree = "<group>"; };
		D6677B121D58D92400AFC975 /* Base */ = {isa = PBXFileReference; lastKnownFileType = file.storyboard; name = Base; path = Base.lproj/LaunchScreen.storyboard; sourceTree = "<group>"; };
		D6677B141D58D92400AFC975 /* Info.plist */ = {isa = PBXFileReference; lastKnownFileType = text.plist.xml; path = Info.plist; sourceTree = "<group>"; };
		D6677B191D58D92400AFC975 /* HelloWorldTestTests.xctest */ = {isa = PBXFileReference; explicitFileType = wrapper.cfbundle; includeInIndex = 0; path = HelloWorldTestTests.xctest; sourceTree = BUILT_PRODUCTS_DIR; };
		D6677B1D1D58D92400AFC975 /* HelloWorldTestTests.swift */ = {isa = PBXFileReference; lastKnownFileType = sourcecode.swift; path = HelloWorldTestTests.swift; sourceTree = "<group>"; };
		D6677B1F1D58D92400AFC975 /* Info.plist */ = {isa = PBXFileReference; lastKnownFileType = text.plist.xml; path = Info.plist; sourceTree = "<group>"; };
		D6677B241D58D92400AFC975 /* HelloWorldTestUITests.xctest */ = {isa = PBXFileReference; explicitFileType = wrapper.cfbundle; includeInIndex = 0; path = HelloWorldTestUITests.xctest; sourceTree = BUILT_PRODUCTS_DIR; };
		D6677B281D58D92400AFC975 /* HelloWorldTestUITests.swift */ = {isa = PBXFileReference; lastKnownFileType = sourcecode.swift; path = HelloWorldTestUITests.swift; sourceTree = "<group>"; };
		D6677B2A1D58D92400AFC975 /* Info.plist */ = {isa = PBXFileReference; lastKnownFileType = text.plist.xml; path = Info.plist; sourceTree = "<group>"; };
		D834C98229D04F6BD43BE021 /* Pods-HelloWorldTest.debug.xcconfig */ = {isa = PBXFileReference; includeInIndex = 1; lastKnownFileType = text.xcconfig; name = "Pods-HelloWorldTest.debug.xcconfig"; path = "Pods/Target Support Files/Pods-HelloWorldTest/Pods-HelloWorldTest.debug.xcconfig"; sourceTree = "<group>"; };
/* End PBXFileReference section */

/* Begin PBXFrameworksBuildPhase section */
		D6677B021D58D92400AFC975 /* Frameworks */ = {
			isa = PBXFrameworksBuildPhase;
			buildActionMask = 2147483647;
			files = (
				A8368C3BACC6341CF8C97A3E /* Pods_HelloWorldTest.framework in Frameworks */,
			);
			runOnlyForDeploymentPostprocessing = 0;
		};
		D6677B161D58D92400AFC975 /* Frameworks */ = {
			isa = PBXFrameworksBuildPhase;
			buildActionMask = 2147483647;
			files = (
				2A6E8A4B3647024C415BBC11 /* Pods_HelloWorldTestTests.framework in Frameworks */,
			);
			runOnlyForDeploymentPostprocessing = 0;
		};
		D6677B211D58D92400AFC975 /* Frameworks */ = {
			isa = PBXFrameworksBuildPhase;
			buildActionMask = 2147483647;
			files = (
				5A670D6D95FCA36248491C12 /* Pods_HelloWorldTestUITests.framework in Frameworks */,
			);
			runOnlyForDeploymentPostprocessing = 0;
		};
/* End PBXFrameworksBuildPhase section */

/* Begin PBXGroup section */
		62E1641F9507F4D10CCC5891 /* Frameworks */ = {
			isa = PBXGroup;
			children = (
				74AEBDF28CDC3ACC7D6ACB52 /* Pods_HelloWorldTest.framework */,
				301C17CB1B837212003F7509 /* Pods_HelloWorldTestTests.framework */,
				7C90E0A53E51001E8168BA4A /* Pods_HelloWorldTestUITests.framework */,
			);
			name = Frameworks;
			sourceTree = "<group>";
		};
		D6677AFC1D58D92400AFC975 = {
			isa = PBXGroup;
			children = (
				D6677B071D58D92400AFC975 /* HelloWorldTest */,
				D6677B1C1D58D92400AFC975 /* HelloWorldTestTests */,
				D6677B271D58D92400AFC975 /* HelloWorldTestUITests */,
				D6677B061D58D92400AFC975 /* Products */,
				EDB2BDBA2EF7A965203F0F87 /* Pods */,
				62E1641F9507F4D10CCC5891 /* Frameworks */,
			);
			sourceTree = "<group>";
		};
		D6677B061D58D92400AFC975 /* Products */ = {
			isa = PBXGroup;
			children = (
				D6677B051D58D92400AFC975 /* HelloWorldTest.app */,
				D6677B191D58D92400AFC975 /* HelloWorldTestTests.xctest */,
				D6677B241D58D92400AFC975 /* HelloWorldTestUITests.xctest */,
			);
			name = Products;
			sourceTree = "<group>";
		};
		D6677B071D58D92400AFC975 /* HelloWorldTest */ = {
			isa = PBXGroup;
			children = (
				D6677B081D58D92400AFC975 /* AppDelegate.swift */,
				D6677B0A1D58D92400AFC975 /* ViewController.swift */,
				D6677B0C1D58D92400AFC975 /* Main.storyboard */,
				D6677B0F1D58D92400AFC975 /* Assets.xcassets */,
				D6677B111D58D92400AFC975 /* LaunchScreen.storyboard */,
				D6677B141D58D92400AFC975 /* Info.plist */,
			);
			path = HelloWorldTest;
			sourceTree = "<group>";
		};
		D6677B1C1D58D92400AFC975 /* HelloWorldTestTests */ = {
			isa = PBXGroup;
			children = (
				D6677B1D1D58D92400AFC975 /* HelloWorldTestTests.swift */,
				D6677B1F1D58D92400AFC975 /* Info.plist */,
			);
			path = HelloWorldTestTests;
			sourceTree = "<group>";
		};
		D6677B271D58D92400AFC975 /* HelloWorldTestUITests */ = {
			isa = PBXGroup;
			children = (
				D6677B281D58D92400AFC975 /* HelloWorldTestUITests.swift */,
				D6677B2A1D58D92400AFC975 /* Info.plist */,
			);
			path = HelloWorldTestUITests;
			sourceTree = "<group>";
		};
		EDB2BDBA2EF7A965203F0F87 /* Pods */ = {
			isa = PBXGroup;
			children = (
				D834C98229D04F6BD43BE021 /* Pods-HelloWorldTest.debug.xcconfig */,
				2EBE5C695313CDC1CE6D6600 /* Pods-HelloWorldTest.release.xcconfig */,
				6F94BD74564AB61889E161B2 /* Pods-HelloWorldTestTests.debug.xcconfig */,
				BB8F73D5289B82D89BA7DE2F /* Pods-HelloWorldTestTests.release.xcconfig */,
				1AD15619B0EA76BFB3C8941E /* Pods-HelloWorldTestUITests.debug.xcconfig */,
				10AA8C78FFA58D267431A14E /* Pods-HelloWorldTestUITests.release.xcconfig */,
			);
			name = Pods;
			sourceTree = "<group>";
		};
/* End PBXGroup section */

/* Begin PBXNativeTarget section */
		D6677B041D58D92400AFC975 /* HelloWorldTest */ = {
			isa = PBXNativeTarget;
			buildConfigurationList = D6677B2D1D58D92400AFC975 /* Build configuration list for PBXNativeTarget "HelloWorldTest" */;
			buildPhases = (
				8C8DD1759AC74147B2094AEA /* [CP] Check Pods Manifest.lock */,
				D6677B011D58D92400AFC975 /* Sources */,
				D6677B021D58D92400AFC975 /* Frameworks */,
				D6677B031D58D92400AFC975 /* Resources */,
				17F497FF1BF26F068C5C386E /* [CP] Embed Pods Frameworks */,
				985E00E92DF8EBA0FC2C5E30 /* [CP] Copy Pods Resources */,
			);
			buildRules = (
			);
			dependencies = (
			);
			name = HelloWorldTest;
			productName = HelloWorldTest;
			productReference = D6677B051D58D92400AFC975 /* HelloWorldTest.app */;
			productType = "com.apple.product-type.application";
		};
		D6677B181D58D92400AFC975 /* HelloWorldTestTests */ = {
			isa = PBXNativeTarget;
			buildConfigurationList = D6677B301D58D92400AFC975 /* Build configuration list for PBXNativeTarget "HelloWorldTestTests" */;
			buildPhases = (
				37AD380F72DF5D998B7A93B8 /* [CP] Check Pods Manifest.lock */,
				D6677B151D58D92400AFC975 /* Sources */,
				D6677B161D58D92400AFC975 /* Frameworks */,
				D6677B171D58D92400AFC975 /* Resources */,
				ED63C195A50E872FB04DFB4F /* [CP] Embed Pods Frameworks */,
				069A4EDAED9E64D77675D5C5 /* [CP] Copy Pods Resources */,
			);
			buildRules = (
			);
			dependencies = (
				D6677B1B1D58D92400AFC975 /* PBXTargetDependency */,
			);
			name = HelloWorldTestTests;
			productName = HelloWorldTestTests;
			productReference = D6677B191D58D92400AFC975 /* HelloWorldTestTests.xctest */;
			productType = "com.apple.product-type.bundle.unit-test";
		};
		D6677B231D58D92400AFC975 /* HelloWorldTestUITests */ = {
			isa = PBXNativeTarget;
			buildConfigurationList = D6677B331D58D92400AFC975 /* Build configuration list for PBXNativeTarget "HelloWorldTestUITests" */;
			buildPhases = (
				D5FBD8CFCC0C9E22DFC2F891 /* [CP] Check Pods Manifest.lock */,
				D6677B201D58D92400AFC975 /* Sources */,
				D6677B211D58D92400AFC975 /* Frameworks */,
				D6677B221D58D92400AFC975 /* Resources */,
				FCE625F13EB26E7DFEB9B26E /* [CP] Copy Pods Resources */,
			);
			buildRules = (
			);
			dependencies = (
				D6677B261D58D92400AFC975 /* PBXTargetDependency */,
			);
			name = HelloWorldTestUITests;
			productName = HelloWorldTestUITests;
			productReference = D6677B241D58D92400AFC975 /* HelloWorldTestUITests.xctest */;
			productType = "com.apple.product-type.bundle.ui-testing";
		};
/* End PBXNativeTarget section */

/* Begin PBXProject section */
		D6677AFD1D58D92400AFC975 /* Project object */ = {
			isa = PBXProject;
			attributes = {
				LastSwiftUpdateCheck = 0730;
				LastUpgradeCheck = 0730;
				ORGANIZATIONNAME = "Simeonov, Ivan (Associate Software Developer)";
				TargetAttributes = {
					D6677B041D58D92400AFC975 = {
						CreatedOnToolsVersion = 7.3.1;
						DevelopmentTeam = QZNZ74KU34;
						LastSwiftMigration = 0800;
					};
					D6677B181D58D92400AFC975 = {
						CreatedOnToolsVersion = 7.3.1;
						LastSwiftMigration = 0800;
						TestTargetID = D6677B041D58D92400AFC975;
					};
					D6677B231D58D92400AFC975 = {
						CreatedOnToolsVersion = 7.3.1;
						LastSwiftMigration = 0800;
						TestTargetID = D6677B041D58D92400AFC975;
					};
				};
			};
			buildConfigurationList = D6677B001D58D92400AFC975 /* Build configuration list for PBXProject "HelloWorldTest" */;
			compatibilityVersion = "Xcode 3.2";
			developmentRegion = English;
			hasScannedForEncodings = 0;
			knownRegions = (
				en,
				Base,
			);
			mainGroup = D6677AFC1D58D92400AFC975;
			productRefGroup = D6677B061D58D92400AFC975 /* Products */;
			projectDirPath = "";
			projectRoot = "";
			targets = (
				D6677B041D58D92400AFC975 /* HelloWorldTest */,
				D6677B181D58D92400AFC975 /* HelloWorldTestTests */,
				D6677B231D58D92400AFC975 /* HelloWorldTestUITests */,
			);
		};
/* End PBXProject section */

/* Begin PBXResourcesBuildPhase section */
		D6677B031D58D92400AFC975 /* Resources */ = {
			isa = PBXResourcesBuildPhase;
			buildActionMask = 2147483647;
			files = (
				D6677B131D58D92400AFC975 /* LaunchScreen.storyboard in Resources */,
				D6677B101D58D92400AFC975 /* Assets.xcassets in Resources */,
				D6677B0E1D58D92400AFC975 /* Main.storyboard in Resources */,
			);
			runOnlyForDeploymentPostprocessing = 0;
		};
		D6677B171D58D92400AFC975 /* Resources */ = {
			isa = PBXResourcesBuildPhase;
			buildActionMask = 2147483647;
			files = (
			);
			runOnlyForDeploymentPostprocessing = 0;
		};
		D6677B221D58D92400AFC975 /* Resources */ = {
			isa = PBXResourcesBuildPhase;
			buildActionMask = 2147483647;
			files = (
			);
			runOnlyForDeploymentPostprocessing = 0;
		};
/* End PBXResourcesBuildPhase section */

/* Begin PBXShellScriptBuildPhase section */
		069A4EDAED9E64D77675D5C5 /* [CP] Copy Pods Resources */ = {
			isa = PBXShellScriptBuildPhase;
			buildActionMask = 2147483647;
			files = (
			);
			inputPaths = (
			);
			name = "[CP] Copy Pods Resources";
			outputPaths = (
			);
			runOnlyForDeploymentPostprocessing = 0;
			shellPath = /bin/sh;
			shellScript = "\"${SRCROOT}/Pods/Target Support Files/Pods-HelloWorldTestTests/Pods-HelloWorldTestTests-resources.sh\"\n";
			showEnvVarsInLog = 0;
		};
		17F497FF1BF26F068C5C386E /* [CP] Embed Pods Frameworks */ = {
			isa = PBXShellScriptBuildPhase;
			buildActionMask = 2147483647;
			files = (
			);
			inputPaths = (
			);
			name = "[CP] Embed Pods Frameworks";
			outputPaths = (
			);
			runOnlyForDeploymentPostprocessing = 0;
			shellPath = /bin/sh;
			shellScript = "\"${SRCROOT}/Pods/Target Support Files/Pods-HelloWorldTest/Pods-HelloWorldTest-frameworks.sh\"\n";
			showEnvVarsInLog = 0;
		};
		37AD380F72DF5D998B7A93B8 /* [CP] Check Pods Manifest.lock */ = {
			isa = PBXShellScriptBuildPhase;
			buildActionMask = 2147483647;
			files = (
			);
			inputPaths = (
			);
			name = "[CP] Check Pods Manifest.lock";
			outputPaths = (
			);
			runOnlyForDeploymentPostprocessing = 0;
			shellPath = /bin/sh;
			shellScript = "diff \"${PODS_ROOT}/../Podfile.lock\" \"${PODS_ROOT}/Manifest.lock\" > /dev/null\nif [[ $? != 0 ]] ; then\n    cat << EOM\nerror: The sandbox is not in sync with the Podfile.lock. Run 'pod install' or update your CocoaPods installation.\nEOM\n    exit 1\nfi\n";
			showEnvVarsInLog = 0;
		};
		8C8DD1759AC74147B2094AEA /* [CP] Check Pods Manifest.lock */ = {
			isa = PBXShellScriptBuildPhase;
			buildActionMask = 2147483647;
			files = (
			);
			inputPaths = (
			);
			name = "[CP] Check Pods Manifest.lock";
			outputPaths = (
			);
			runOnlyForDeploymentPostprocessing = 0;
			shellPath = /bin/sh;
			shellScript = "diff \"${PODS_ROOT}/../Podfile.lock\" \"${PODS_ROOT}/Manifest.lock\" > /dev/null\nif [[ $? != 0 ]] ; then\n    cat << EOM\nerror: The sandbox is not in sync with the Podfile.lock. Run 'pod install' or update your CocoaPods installation.\nEOM\n    exit 1\nfi\n";
			showEnvVarsInLog = 0;
		};
		985E00E92DF8EBA0FC2C5E30 /* [CP] Copy Pods Resources */ = {
			isa = PBXShellScriptBuildPhase;
			buildActionMask = 2147483647;
			files = (
			);
			inputPaths = (
			);
			name = "[CP] Copy Pods Resources";
			outputPaths = (
			);
			runOnlyForDeploymentPostprocessing = 0;
			shellPath = /bin/sh;
			shellScript = "\"${SRCROOT}/Pods/Target Support Files/Pods-HelloWorldTest/Pods-HelloWorldTest-resources.sh\"\n";
			showEnvVarsInLog = 0;
		};
		D5FBD8CFCC0C9E22DFC2F891 /* [CP] Check Pods Manifest.lock */ = {
			isa = PBXShellScriptBuildPhase;
			buildActionMask = 2147483647;
			files = (
			);
			inputPaths = (
			);
			name = "[CP] Check Pods Manifest.lock";
			outputPaths = (
			);
			runOnlyForDeploymentPostprocessing = 0;
			shellPath = /bin/sh;
			shellScript = "diff \"${PODS_ROOT}/../Podfile.lock\" \"${PODS_ROOT}/Manifest.lock\" > /dev/null\nif [[ $? != 0 ]] ; then\n    cat << EOM\nerror: The sandbox is not in sync with the Podfile.lock. Run 'pod install' or update your CocoaPods installation.\nEOM\n    exit 1\nfi\n";
			showEnvVarsInLog = 0;
		};
		ED63C195A50E872FB04DFB4F /* [CP] Embed Pods Frameworks */ = {
			isa = PBXShellScriptBuildPhase;
			buildActionMask = 2147483647;
			files = (
			);
			inputPaths = (
			);
			name = "[CP] Embed Pods Frameworks";
			outputPaths = (
			);
			runOnlyForDeploymentPostprocessing = 0;
			shellPath = /bin/sh;
			shellScript = "\"${SRCROOT}/Pods/Target Support Files/Pods-HelloWorldTestTests/Pods-HelloWorldTestTests-frameworks.sh\"\n";
			showEnvVarsInLog = 0;
		};
		FCE625F13EB26E7DFEB9B26E /* [CP] Copy Pods Resources */ = {
			isa = PBXShellScriptBuildPhase;
			buildActionMask = 2147483647;
			files = (
			);
			inputPaths = (
			);
			name = "[CP] Copy Pods Resources";
			outputPaths = (
			);
			runOnlyForDeploymentPostprocessing = 0;
			shellPath = /bin/sh;
			shellScript = "\"${SRCROOT}/Pods/Target Support Files/Pods-HelloWorldTestUITests/Pods-HelloWorldTestUITests-resources.sh\"\n";
			showEnvVarsInLog = 0;
		};
/* End PBXShellScriptBuildPhase section */

/* Begin PBXSourcesBuildPhase section */
		D6677B011D58D92400AFC975 /* Sources */ = {
			isa = PBXSourcesBuildPhase;
			buildActionMask = 2147483647;
			files = (
				D6677B0B1D58D92400AFC975 /* ViewController.swift in Sources */,
				D6677B091D58D92400AFC975 /* AppDelegate.swift in Sources */,
			);
			runOnlyForDeploymentPostprocessing = 0;
		};
		D6677B151D58D92400AFC975 /* Sources */ = {
			isa = PBXSourcesBuildPhase;
			buildActionMask = 2147483647;
			files = (
				D6677B1E1D58D92400AFC975 /* HelloWorldTestTests.swift in Sources */,
			);
			runOnlyForDeploymentPostprocessing = 0;
		};
		D6677B201D58D92400AFC975 /* Sources */ = {
			isa = PBXSourcesBuildPhase;
			buildActionMask = 2147483647;
			files = (
				D6677B291D58D92400AFC975 /* HelloWorldTestUITests.swift in Sources */,
			);
			runOnlyForDeploymentPostprocessing = 0;
		};
/* End PBXSourcesBuildPhase section */

/* Begin PBXTargetDependency section */
		D6677B1B1D58D92400AFC975 /* PBXTargetDependency */ = {
			isa = PBXTargetDependency;
			target = D6677B041D58D92400AFC975 /* HelloWorldTest */;
			targetProxy = D6677B1A1D58D92400AFC975 /* PBXContainerItemProxy */;
		};
		D6677B261D58D92400AFC975 /* PBXTargetDependency */ = {
			isa = PBXTargetDependency;
			target = D6677B041D58D92400AFC975 /* HelloWorldTest */;
			targetProxy = D6677B251D58D92400AFC975 /* PBXContainerItemProxy */;
		};
/* End PBXTargetDependency section */

/* Begin PBXVariantGroup section */
		D6677B0C1D58D92400AFC975 /* Main.storyboard */ = {
			isa = PBXVariantGroup;
			children = (
				D6677B0D1D58D92400AFC975 /* Base */,
			);
			name = Main.storyboard;
			sourceTree = "<group>";
		};
		D6677B111D58D92400AFC975 /* LaunchScreen.storyboard */ = {
			isa = PBXVariantGroup;
			children = (
				D6677B121D58D92400AFC975 /* Base */,
			);
			name = LaunchScreen.storyboard;
			sourceTree = "<group>";
		};
/* End PBXVariantGroup section */

/* Begin XCBuildConfiguration section */
		D6677B2B1D58D92400AFC975 /* Debug */ = {
			isa = XCBuildConfiguration;
			buildSettings = {
				ALWAYS_SEARCH_USER_PATHS = NO;
				CLANG_ANALYZER_NONNULL = YES;
				CLANG_CXX_LANGUAGE_STANDARD = "gnu++0x";
				CLANG_CXX_LIBRARY = "libc++";
				CLANG_ENABLE_MODULES = YES;
				CLANG_ENABLE_OBJC_ARC = YES;
				CLANG_WARN_BOOL_CONVERSION = YES;
				CLANG_WARN_CONSTANT_CONVERSION = YES;
				CLANG_WARN_DIRECT_OBJC_ISA_USAGE = YES_ERROR;
				CLANG_WARN_EMPTY_BODY = YES;
				CLANG_WARN_ENUM_CONVERSION = YES;
				CLANG_WARN_INT_CONVERSION = YES;
				CLANG_WARN_OBJC_ROOT_CLASS = YES_ERROR;
				CLANG_WARN_UNREACHABLE_CODE = YES;
				CLANG_WARN__DUPLICATE_METHOD_MATCH = YES;
				"CODE_SIGN_IDENTITY[sdk=iphoneos*]" = "iPhone Developer";
				COPY_PHASE_STRIP = NO;
				DEBUG_INFORMATION_FORMAT = dwarf;
				ENABLE_STRICT_OBJC_MSGSEND = YES;
				ENABLE_TESTABILITY = YES;
				GCC_C_LANGUAGE_STANDARD = gnu99;
				GCC_DYNAMIC_NO_PIC = NO;
				GCC_NO_COMMON_BLOCKS = YES;
				GCC_OPTIMIZATION_LEVEL = 0;
				GCC_PREPROCESSOR_DEFINITIONS = (
					"DEBUG=1",
					"$(inherited)",
				);
				GCC_WARN_64_TO_32_BIT_CONVERSION = YES;
				GCC_WARN_ABOUT_RETURN_TYPE = YES_ERROR;
				GCC_WARN_UNDECLARED_SELECTOR = YES;
				GCC_WARN_UNINITIALIZED_AUTOS = YES_AGGRESSIVE;
				GCC_WARN_UNUSED_FUNCTION = YES;
				GCC_WARN_UNUSED_VARIABLE = YES;
				IPHONEOS_DEPLOYMENT_TARGET = 9.3;
				MTL_ENABLE_DEBUG_INFO = YES;
				ONLY_ACTIVE_ARCH = YES;
				SDKROOT = iphoneos;
				SWIFT_OPTIMIZATION_LEVEL = "-Onone";
				TARGETED_DEVICE_FAMILY = "1,2";
			};
			name = Debug;
		};
		D6677B2C1D58D92400AFC975 /* Release */ = {
			isa = XCBuildConfiguration;
			buildSettings = {
				ALWAYS_SEARCH_USER_PATHS = NO;
				CLANG_ANALYZER_NONNULL = YES;
				CLANG_CXX_LANGUAGE_STANDARD = "gnu++0x";
				CLANG_CXX_LIBRARY = "libc++";
				CLANG_ENABLE_MODULES = YES;
				CLANG_ENABLE_OBJC_ARC = YES;
				CLANG_WARN_BOOL_CONVERSION = YES;
				CLANG_WARN_CONSTANT_CONVERSION = YES;
				CLANG_WARN_DIRECT_OBJC_ISA_USAGE = YES_ERROR;
				CLANG_WARN_EMPTY_BODY = YES;
				CLANG_WARN_ENUM_CONVERSION = YES;
				CLANG_WARN_INT_CONVERSION = YES;
				CLANG_WARN_OBJC_ROOT_CLASS = YES_ERROR;
				CLANG_WARN_UNREACHABLE_CODE = YES;
				CLANG_WARN__DUPLICATE_METHOD_MATCH = YES;
				"CODE_SIGN_IDENTITY[sdk=iphoneos*]" = "iPhone Developer";
				COPY_PHASE_STRIP = NO;
				DEBUG_INFORMATION_FORMAT = "dwarf-with-dsym";
				ENABLE_NS_ASSERTIONS = NO;
				ENABLE_STRICT_OBJC_MSGSEND = YES;
				GCC_C_LANGUAGE_STANDARD = gnu99;
				GCC_NO_COMMON_BLOCKS = YES;
				GCC_WARN_64_TO_32_BIT_CONVERSION = YES;
				GCC_WARN_ABOUT_RETURN_TYPE = YES_ERROR;
				GCC_WARN_UNDECLARED_SELECTOR = YES;
				GCC_WARN_UNINITIALIZED_AUTOS = YES_AGGRESSIVE;
				GCC_WARN_UNUSED_FUNCTION = YES;
				GCC_WARN_UNUSED_VARIABLE = YES;
				IPHONEOS_DEPLOYMENT_TARGET = 9.3;
				MTL_ENABLE_DEBUG_INFO = NO;
				SDKROOT = iphoneos;
				TARGETED_DEVICE_FAMILY = "1,2";
				VALIDATE_PRODUCT = YES;
			};
			name = Release;
		};
		D6677B2E1D58D92400AFC975 /* Debug */ = {
			isa = XCBuildConfiguration;
			baseConfigurationReference = D834C98229D04F6BD43BE021 /* Pods-HelloWorldTest.debug.xcconfig */;
			buildSettings = {
				ASSETCATALOG_COMPILER_APPICON_NAME = AppIcon;
				CODE_SIGN_IDENTITY = "iPhone Developer";
				"CODE_SIGN_IDENTITY[sdk=iphoneos*]" = "iPhone Developer";
				INFOPLIST_FILE = HelloWorldTest/Info.plist;
				LD_RUNPATH_SEARCH_PATHS = "$(inherited) @executable_path/Frameworks";
				PRODUCT_BUNDLE_IDENTIFIER = sky.HelloWorldTest;
				PRODUCT_NAME = "$(TARGET_NAME)";
				PROVISIONING_PROFILE = "";
				SWIFT_VERSION = 2.3;
			};
			name = Debug;
		};
		D6677B2F1D58D92400AFC975 /* Release */ = {
			isa = XCBuildConfiguration;
			baseConfigurationReference = 2EBE5C695313CDC1CE6D6600 /* Pods-HelloWorldTest.release.xcconfig */;
			buildSettings = {
				ASSETCATALOG_COMPILER_APPICON_NAME = AppIcon;
				CODE_SIGN_IDENTITY = "iPhone Developer";
				"CODE_SIGN_IDENTITY[sdk=iphoneos*]" = "iPhone Developer";
				INFOPLIST_FILE = HelloWorldTest/Info.plist;
				LD_RUNPATH_SEARCH_PATHS = "$(inherited) @executable_path/Frameworks";
				PRODUCT_BUNDLE_IDENTIFIER = sky.HelloWorldTest;
				PRODUCT_NAME = "$(TARGET_NAME)";
				PROVISIONING_PROFILE = "";
				SWIFT_VERSION = 2.3;
			};
			name = Release;
		};
		D6677B311D58D92400AFC975 /* Debug */ = {
			isa = XCBuildConfiguration;
			baseConfigurationReference = 6F94BD74564AB61889E161B2 /* Pods-HelloWorldTestTests.debug.xcconfig */;
			buildSettings = {
				BUNDLE_LOADER = "$(TEST_HOST)";
				INFOPLIST_FILE = HelloWorldTestTests/Info.plist;
				LD_RUNPATH_SEARCH_PATHS = "$(inherited) @executable_path/Frameworks @loader_path/Frameworks";
				PRODUCT_BUNDLE_IDENTIFIER = sky.HelloWorldTestTests;
				PRODUCT_NAME = "$(TARGET_NAME)";
				SWIFT_VERSION = 2.3;
				TEST_HOST = "$(BUILT_PRODUCTS_DIR)/HelloWorldTest.app/HelloWorldTest";
			};
			name = Debug;
		};
		D6677B321D58D92400AFC975 /* Release */ = {
			isa = XCBuildConfiguration;
			baseConfigurationReference = BB8F73D5289B82D89BA7DE2F /* Pods-HelloWorldTestTests.release.xcconfig */;
			buildSettings = {
				BUNDLE_LOADER = "$(TEST_HOST)";
				INFOPLIST_FILE = HelloWorldTestTests/Info.plist;
				LD_RUNPATH_SEARCH_PATHS = "$(inherited) @executable_path/Frameworks @loader_path/Frameworks";
				PRODUCT_BUNDLE_IDENTIFIER = sky.HelloWorldTestTests;
				PRODUCT_NAME = "$(TARGET_NAME)";
				SWIFT_VERSION = 2.3;
				TEST_HOST = "$(BUILT_PRODUCTS_DIR)/HelloWorldTest.app/HelloWorldTest";
			};
			name = Release;
		};
		D6677B341D58D92400AFC975 /* Debug */ = {
			isa = XCBuildConfiguration;
			baseConfigurationReference = 1AD15619B0EA76BFB3C8941E /* Pods-HelloWorldTestUITests.debug.xcconfig */;
			buildSettings = {
				INFOPLIST_FILE = HelloWorldTestUITests/Info.plist;
				LD_RUNPATH_SEARCH_PATHS = "$(inherited) @executable_path/Frameworks @loader_path/Frameworks";
				PRODUCT_BUNDLE_IDENTIFIER = sky.HelloWorldTestUITests;
				PRODUCT_NAME = "$(TARGET_NAME)";
				SWIFT_VERSION = 2.3;
				TEST_TARGET_NAME = HelloWorldTest;
			};
			name = Debug;
		};
		D6677B351D58D92400AFC975 /* Release */ = {
			isa = XCBuildConfiguration;
			baseConfigurationReference = 10AA8C78FFA58D267431A14E /* Pods-HelloWorldTestUITests.release.xcconfig */;
			buildSettings = {
				INFOPLIST_FILE = HelloWorldTestUITests/Info.plist;
				LD_RUNPATH_SEARCH_PATHS = "$(inherited) @executable_path/Frameworks @loader_path/Frameworks";
				PRODUCT_BUNDLE_IDENTIFIER = sky.HelloWorldTestUITests;
				PRODUCT_NAME = "$(TARGET_NAME)";
				SWIFT_VERSION = 2.3;
				TEST_TARGET_NAME = HelloWorldTest;
			};
			name = Release;
		};
/* End XCBuildConfiguration section */

/* Begin XCConfigurationList section */
		D6677B001D58D92400AFC975 /* Build configuration list for PBXProject "HelloWorldTest" */ = {
			isa = XCConfigurationList;
			buildConfigurations = (
				D6677B2B1D58D92400AFC975 /* Debug */,
				D6677B2C1D58D92400AFC975 /* Release */,
			);
			defaultConfigurationIsVisible = 0;
			defaultConfigurationName = Release;
		};
		D6677B2D1D58D92400AFC975 /* Build configuration list for PBXNativeTarget "HelloWorldTest" */ = {
			isa = XCConfigurationList;
			buildConfigurations = (
				D6677B2E1D58D92400AFC975 /* Debug */,
				D6677B2F1D58D92400AFC975 /* Release */,
			);
			defaultConfigurationIsVisible = 0;
			defaultConfigurationName = Release;
		};
		D6677B301D58D92400AFC975 /* Build configuration list for PBXNativeTarget "HelloWorldTestTests" */ = {
			isa = XCConfigurationList;
			buildConfigurations = (
				D6677B311D58D92400AFC975 /* Debug */,
				D6677B321D58D92400AFC975 /* Release */,
			);
			defaultConfigurationIsVisible = 0;
			defaultConfigurationName = Release;
		};
		D6677B331D58D92400AFC975 /* Build configuration list for PBXNativeTarget "HelloWorldTestUITests" */ = {
			isa = XCConfigurationList;
			buildConfigurations = (
				D6677B341D58D92400AFC975 /* Debug */,
				D6677B351D58D92400AFC975 /* Release */,
			);
			defaultConfigurationIsVisible = 0;
			defaultConfigurationName = Release;
		};
/* End XCConfigurationList section */
	};
	rootObject = D6677AFD1D58D92400AFC975 /* Project object */;
}
